
Microsoft Visual Studio Solution File, Format Version 12.00
# Visual Studio Version 17
VisualStudioVersion = 17.3.32922.545
MinimumVisualStudioVersion = 10.0.40219.1
Project("{FAE04EC0-301F-11D3-BF4B-00C04F79EFBC}") = "W2School-4", "W2School-4\W2School-4.csproj", "{E6349DB4-8A5C-459E-A5FF-EF63B7A99429}"
EndProject
Global
	GlobalSection(SolutionConfigurationPlatforms) = preSolution
		Debug|Any CPU = Debug|Any CPU
		Release|Any CPU = Release|Any CPU
	EndGlobalSection
	GlobalSection(ProjectConfigurationPlatforms) = postSolution
		{E6349DB4-8A5C-459E-A5FF-EF63B7A99429}.Debug|Any CPU.ActiveCfg = Debug|Any CPU
		{E6349DB4-8A5C-459E-A5FF-EF63B7A99429}.Debug|Any CPU.Build.0 = Debug|Any CPU
		{E6349DB4-8A5C-459E-A5FF-EF63B7A99429}.Release|Any CPU.ActiveCfg = Release|Any CPU
		{E6349DB4-8A5C-459E-A5FF-EF63B7A99429}.Release|Any CPU.Build.0 = Release|Any CPU
	EndGlobalSection
	GlobalSection(SolutionProperties) = preSolution
		HideSolutionNode = FALSE
	EndGlobalSection
	GlobalSection(ExtensibilityGlobals) = postSolution
		SolutionGuid = {CBBBE688-08F5-4AA8-AD8A-177BB2D369C8}
	EndGlobalSection
EndGlobal
